// !$*UTF8*$!
{
	archiveVersion = 1;
	classes = {
	};
	objectVersion = 56;
	objects = {

/* Begin PBXBuildFile section */
		BF47340A2B8EF5CB0028052C /* App.swift in Sources */ = {isa = PBXBuildFile; fileRef = BF4734092B8EF5CB0028052C /* App.swift */; };
		BF4734102B8EF5CC0028052C /* Assets.xcassets in Resources */ = {isa = PBXBuildFile; fileRef = BF47340F2B8EF5CC0028052C /* Assets.xcassets */; };
		BF8D4A862B8FDA270081F7D1 /* Packages in Resources */ = {isa = PBXBuildFile; fileRef = BF8D4A852B8FDA260081F7D1 /* Packages */; };
		BF8D4A872B8FDA270081F7D1 /* Packages in Resources */ = {isa = PBXBuildFile; fileRef = BF8D4A852B8FDA260081F7D1 /* Packages */; };
		BF8D4A882B8FDA270081F7D1 /* Packages in Resources */ = {isa = PBXBuildFile; fileRef = BF8D4A852B8FDA260081F7D1 /* Packages */; };
		BF8D4B042B98F17F0081F7D1 /* GoogleService-Info.plist in Resources */ = {isa = PBXBuildFile; fileRef = BF8D4B032B98F17F0081F7D1 /* GoogleService-Info.plist */; };
		BF8D4B052B98F17F0081F7D1 /* GoogleService-Info.plist in Resources */ = {isa = PBXBuildFile; fileRef = BF8D4B032B98F17F0081F7D1 /* GoogleService-Info.plist */; };
		BF8D4B062B98F17F0081F7D1 /* GoogleService-Info.plist in Resources */ = {isa = PBXBuildFile; fileRef = BF8D4B032B98F17F0081F7D1 /* GoogleService-Info.plist */; };
		BF8D4B0A2B9915AD0081F7D1 /* AppFeature in Frameworks */ = {isa = PBXBuildFile; productRef = BF8D4B092B9915AD0081F7D1 /* AppFeature */; };
/* End PBXBuildFile section */

/* Begin PBXContainerItemProxy section */
		BF47341A2B8EF5CC0028052C /* PBXContainerItemProxy */ = {
			isa = PBXContainerItemProxy;
			containerPortal = BF4733FE2B8EF5CB0028052C /* Project object */;
			proxyType = 1;
			remoteGlobalIDString = BF4734052B8EF5CB0028052C;
			remoteInfo = LapseClone;
		};
		BF4734242B8EF5CC0028052C /* PBXContainerItemProxy */ = {
			isa = PBXContainerItemProxy;
			containerPortal = BF4733FE2B8EF5CB0028052C /* Project object */;
			proxyType = 1;
			remoteGlobalIDString = BF4734052B8EF5CB0028052C;
			remoteInfo = LapseClone;
		};
/* End PBXContainerItemProxy section */

/* Begin PBXFileReference section */
		BF4734062B8EF5CB0028052C /* ChitChat.app */ = {isa = PBXFileReference; explicitFileType = wrapper.application; includeInIndex = 0; path = ChitChat.app; sourceTree = BUILT_PRODUCTS_DIR; };
		BF4734092B8EF5CB0028052C /* App.swift */ = {isa = PBXFileReference; lastKnownFileType = sourcecode.swift; path = App.swift; sourceTree = "<group>"; };
		BF47340F2B8EF5CC0028052C /* Assets.xcassets */ = {isa = PBXFileReference; lastKnownFileType = folder.assetcatalog; path = Assets.xcassets; sourceTree = "<group>"; };
		BF4734112B8EF5CC0028052C /* ChitChat.entitlements */ = {isa = PBXFileReference; lastKnownFileType = text.plist.entitlements; path = ChitChat.entitlements; sourceTree = "<group>"; };
		BF4734192B8EF5CC0028052C /* ChitChatTests.xctest */ = {isa = PBXFileReference; explicitFileType = wrapper.cfbundle; includeInIndex = 0; path = ChitChatTests.xctest; sourceTree = BUILT_PRODUCTS_DIR; };
		BF4734232B8EF5CC0028052C /* ChitChatUITests.xctest */ = {isa = PBXFileReference; explicitFileType = wrapper.cfbundle; includeInIndex = 0; path = ChitChatUITests.xctest; sourceTree = BUILT_PRODUCTS_DIR; };
		BF8D4A852B8FDA260081F7D1 /* Packages */ = {isa = PBXFileReference; lastKnownFileType = wrapper; path = Packages; sourceTree = "<group>"; };
		BF8D4B032B98F17F0081F7D1 /* GoogleService-Info.plist */ = {isa = PBXFileReference; fileEncoding = 4; lastKnownFileType = text.plist.xml; path = "GoogleService-Info.plist"; sourceTree = "<group>"; };
/* End PBXFileReference section */

/* Begin PBXFrameworksBuildPhase section */
		BF4734032B8EF5CB0028052C /* Frameworks */ = {
			isa = PBXFrameworksBuildPhase;
			buildActionMask = 2147483647;
			files = (
				BF8D4B0A2B9915AD0081F7D1 /* AppFeature in Frameworks */,
			);
			runOnlyForDeploymentPostprocessing = 0;
		};
		BF4734162B8EF5CC0028052C /* Frameworks */ = {
			isa = PBXFrameworksBuildPhase;
			buildActionMask = 2147483647;
			files = (
			);
			runOnlyForDeploymentPostprocessing = 0;
		};
		BF4734202B8EF5CC0028052C /* Frameworks */ = {
			isa = PBXFrameworksBuildPhase;
			buildActionMask = 2147483647;
			files = (
			);
			runOnlyForDeploymentPostprocessing = 0;
		};
/* End PBXFrameworksBuildPhase section */

/* Begin PBXGroup section */
		BF4733FD2B8EF5CB0028052C = {
			isa = PBXGroup;
			children = (
				BF8D4B032B98F17F0081F7D1 /* GoogleService-Info.plist */,
				BF8D4A852B8FDA260081F7D1 /* Packages */,
				BF4734082B8EF5CB0028052C /* ChitChat */,
				BF4734072B8EF5CB0028052C /* Products */,
				BF4734392B8F067A0028052C /* Frameworks */,
			);
			sourceTree = "<group>";
		};
		BF4734072B8EF5CB0028052C /* Products */ = {
			isa = PBXGroup;
			children = (
				BF4734062B8EF5CB0028052C /* ChitChat.app */,
				BF4734192B8EF5CC0028052C /* ChitChatTests.xctest */,
				BF4734232B8EF5CC0028052C /* ChitChatUITests.xctest */,
			);
			name = Products;
			sourceTree = "<group>";
		};
		BF4734082B8EF5CB0028052C /* ChitChat */ = {
			isa = PBXGroup;
			children = (
				BF4734112B8EF5CC0028052C /* ChitChat.entitlements */,
				BF4734092B8EF5CB0028052C /* App.swift */,
				BF47340F2B8EF5CC0028052C /* Assets.xcassets */,
			);
			path = ChitChat;
			sourceTree = "<group>";
		};
		BF4734392B8F067A0028052C /* Frameworks */ = {
			isa = PBXGroup;
			children = (
			);
			name = Frameworks;
			sourceTree = "<group>";
		};
/* End PBXGroup section */

/* Begin PBXNativeTarget section */
		BF4734052B8EF5CB0028052C /* ChitChat */ = {
			isa = PBXNativeTarget;
			buildConfigurationList = BF47342D2B8EF5CC0028052C /* Build configuration list for PBXNativeTarget "ChitChat" */;
			buildPhases = (
				BF4734022B8EF5CB0028052C /* Sources */,
				BF4734032B8EF5CB0028052C /* Frameworks */,
				BF4734042B8EF5CB0028052C /* Resources */,
			);
			buildRules = (
			);
			dependencies = (
			);
			name = ChitChat;
			packageProductDependencies = (
				BF8D4B092B9915AD0081F7D1 /* AppFeature */,
			);
			productName = LapseClone;
			productReference = BF4734062B8EF5CB0028052C /* ChitChat.app */;
			productType = "com.apple.product-type.application";
		};
		BF4734182B8EF5CC0028052C /* ChitChatTests */ = {
			isa = PBXNativeTarget;
			buildConfigurationList = BF4734302B8EF5CC0028052C /* Build configuration list for PBXNativeTarget "ChitChatTests" */;
			buildPhases = (
				BF4734152B8EF5CC0028052C /* Sources */,
				BF4734162B8EF5CC0028052C /* Frameworks */,
				BF4734172B8EF5CC0028052C /* Resources */,
			);
			buildRules = (
			);
			dependencies = (
				BF47341B2B8EF5CC0028052C /* PBXTargetDependency */,
			);
			name = ChitChatTests;
			productName = LapseCloneTests;
			productReference = BF4734192B8EF5CC0028052C /* ChitChatTests.xctest */;
			productType = "com.apple.product-type.bundle.unit-test";
		};
		BF4734222B8EF5CC0028052C /* ChitChatUITests */ = {
			isa = PBXNativeTarget;
			buildConfigurationList = BF4734332B8EF5CC0028052C /* Build configuration list for PBXNativeTarget "ChitChatUITests" */;
			buildPhases = (
				BF47341F2B8EF5CC0028052C /* Sources */,
				BF4734202B8EF5CC0028052C /* Frameworks */,
				BF4734212B8EF5CC0028052C /* Resources */,
			);
			buildRules = (
			);
			dependencies = (
				BF4734252B8EF5CC0028052C /* PBXTargetDependency */,
			);
			name = ChitChatUITests;
			productName = LapseCloneUITests;
			productReference = BF4734232B8EF5CC0028052C /* ChitChatUITests.xctest */;
			productType = "com.apple.product-type.bundle.ui-testing";
		};
/* End PBXNativeTarget section */

/* Begin PBXProject section */
		BF4733FE2B8EF5CB0028052C /* Project object */ = {
			isa = PBXProject;
			attributes = {
				BuildIndependentTargetsInParallel = 1;
				LastSwiftUpdateCheck = 1500;
				LastUpgradeCheck = 1520;
				TargetAttributes = {
					BF4734052B8EF5CB0028052C = {
						CreatedOnToolsVersion = 15.0.1;
					};
					BF4734182B8EF5CC0028052C = {
						CreatedOnToolsVersion = 15.0.1;
						TestTargetID = BF4734052B8EF5CB0028052C;
					};
					BF4734222B8EF5CC0028052C = {
						CreatedOnToolsVersion = 15.0.1;
						TestTargetID = BF4734052B8EF5CB0028052C;
					};
				};
			};
			buildConfigurationList = BF4734012B8EF5CB0028052C /* Build configuration list for PBXProject "ChitChat" */;
			compatibilityVersion = "Xcode 14.0";
			developmentRegion = en;
			hasScannedForEncodings = 0;
			knownRegions = (
				en,
				Base,
			);
			mainGroup = BF4733FD2B8EF5CB0028052C;
			packageReferences = (
			);
			productRefGroup = BF4734072B8EF5CB0028052C /* Products */;
			projectDirPath = "";
			projectRoot = "";
			targets = (
				BF4734052B8EF5CB0028052C /* ChitChat */,
				BF4734182B8EF5CC0028052C /* ChitChatTests */,
				BF4734222B8EF5CC0028052C /* ChitChatUITests */,
			);
		};
/* End PBXProject section */

/* Begin PBXResourcesBuildPhase section */
		BF4734042B8EF5CB0028052C /* Resources */ = {
			isa = PBXResourcesBuildPhase;
			buildActionMask = 2147483647;
			files = (
				BF8D4A862B8FDA270081F7D1 /* Packages in Resources */,
				BF8D4B042B98F17F0081F7D1 /* GoogleService-Info.plist in Resources */,
				BF4734102B8EF5CC0028052C /* Assets.xcassets in Resources */,
			);
			runOnlyForDeploymentPostprocessing = 0;
		};
		BF4734172B8EF5CC0028052C /* Resources */ = {
			isa = PBXResourcesBuildPhase;
			buildActionMask = 2147483647;
			files = (
				BF8D4B052B98F17F0081F7D1 /* GoogleService-Info.plist in Resources */,
				BF8D4A872B8FDA270081F7D1 /* Packages in Resources */,
			);
			runOnlyForDeploymentPostprocessing = 0;
		};
		BF4734212B8EF5CC0028052C /* Resources */ = {
			isa = PBXResourcesBuildPhase;
			buildActionMask = 2147483647;
			files = (
				BF8D4B062B98F17F0081F7D1 /* GoogleService-Info.plist in Resources */,
				BF8D4A882B8FDA270081F7D1 /* Packages in Resources */,
			);
			runOnlyForDeploymentPostprocessing = 0;
		};
/* End PBXResourcesBuildPhase section */

/* Begin PBXSourcesBuildPhase section */
		BF4734022B8EF5CB0028052C /* Sources */ = {
			isa = PBXSourcesBuildPhase;
			buildActionMask = 2147483647;
			files = (
				BF47340A2B8EF5CB0028052C /* App.swift in Sources */,
			);
			runOnlyForDeploymentPostprocessing = 0;
		};
		BF4734152B8EF5CC0028052C /* Sources */ = {
			isa = PBXSourcesBuildPhase;
			buildActionMask = 2147483647;
			files = (
			);
			runOnlyForDeploymentPostprocessing = 0;
		};
		BF47341F2B8EF5CC0028052C /* Sources */ = {
			isa = PBXSourcesBuildPhase;
			buildActionMask = 2147483647;
			files = (
			);
			runOnlyForDeploymentPostprocessing = 0;
		};
/* End PBXSourcesBuildPhase section */

/* Begin PBXTargetDependency section */
		BF47341B2B8EF5CC0028052C /* PBXTargetDependency */ = {
			isa = PBXTargetDependency;
			target = BF4734052B8EF5CB0028052C /* ChitChat */;
			targetProxy = BF47341A2B8EF5CC0028052C /* PBXContainerItemProxy */;
		};
		BF4734252B8EF5CC0028052C /* PBXTargetDependency */ = {
			isa = PBXTargetDependency;
			target = BF4734052B8EF5CB0028052C /* ChitChat */;
			targetProxy = BF4734242B8EF5CC0028052C /* PBXContainerItemProxy */;
		};
/* End PBXTargetDependency section */

/* Begin XCBuildConfiguration section */
		BF47342B2B8EF5CC0028052C /* Debug */ = {
			isa = XCBuildConfiguration;
			buildSettings = {
				ALWAYS_SEARCH_USER_PATHS = NO;
				ASSETCATALOG_COMPILER_GENERATE_SWIFT_ASSET_SYMBOL_EXTENSIONS = YES;
				CLANG_ANALYZER_NONNULL = YES;
				CLANG_ANALYZER_NUMBER_OBJECT_CONVERSION = YES_AGGRESSIVE;
				CLANG_CXX_LANGUAGE_STANDARD = "gnu++20";
				CLANG_ENABLE_MODULES = YES;
				CLANG_ENABLE_OBJC_ARC = YES;
				CLANG_ENABLE_OBJC_WEAK = YES;
				CLANG_WARN_BLOCK_CAPTURE_AUTORELEASING = YES;
				CLANG_WARN_BOOL_CONVERSION = YES;
				CLANG_WARN_COMMA = YES;
				CLANG_WARN_CONSTANT_CONVERSION = YES;
				CLANG_WARN_DEPRECATED_OBJC_IMPLEMENTATIONS = YES;
				CLANG_WARN_DIRECT_OBJC_ISA_USAGE = YES_ERROR;
				CLANG_WARN_DOCUMENTATION_COMMENTS = YES;
				CLANG_WARN_EMPTY_BODY = YES;
				CLANG_WARN_ENUM_CONVERSION = YES;
				CLANG_WARN_INFINITE_RECURSION = YES;
				CLANG_WARN_INT_CONVERSION = YES;
				CLANG_WARN_NON_LITERAL_NULL_CONVERSION = YES;
				CLANG_WARN_OBJC_IMPLICIT_RETAIN_SELF = YES;
				CLANG_WARN_OBJC_LITERAL_CONVERSION = YES;
				CLANG_WARN_OBJC_ROOT_CLASS = YES_ERROR;
				CLANG_WARN_QUOTED_INCLUDE_IN_FRAMEWORK_HEADER = YES;
				CLANG_WARN_RANGE_LOOP_ANALYSIS = YES;
				CLANG_WARN_STRICT_PROTOTYPES = YES;
				CLANG_WARN_SUSPICIOUS_MOVE = YES;
				CLANG_WARN_UNGUARDED_AVAILABILITY = YES_AGGRESSIVE;
				CLANG_WARN_UNREACHABLE_CODE = YES;
				CLANG_WARN__DUPLICATE_METHOD_MATCH = YES;
				COPY_PHASE_STRIP = NO;
				DEAD_CODE_STRIPPING = YES;
				DEBUG_INFORMATION_FORMAT = dwarf;
				ENABLE_STRICT_OBJC_MSGSEND = YES;
				ENABLE_TESTABILITY = YES;
				ENABLE_USER_SCRIPT_SANDBOXING = YES;
				GCC_C_LANGUAGE_STANDARD = gnu17;
				GCC_DYNAMIC_NO_PIC = NO;
				GCC_NO_COMMON_BLOCKS = YES;
				GCC_OPTIMIZATION_LEVEL = 0;
				GCC_PREPROCESSOR_DEFINITIONS = (
					"DEBUG=1",
					"$(inherited)",
				);
				GCC_WARN_64_TO_32_BIT_CONVERSION = YES;
				GCC_WARN_ABOUT_RETURN_TYPE = YES_ERROR;
				GCC_WARN_UNDECLARED_SELECTOR = YES;
				GCC_WARN_UNINITIALIZED_AUTOS = YES_AGGRESSIVE;
				GCC_WARN_UNUSED_FUNCTION = YES;
				GCC_WARN_UNUSED_VARIABLE = YES;
				LOCALIZATION_PREFERS_STRING_CATALOGS = YES;
				MTL_ENABLE_DEBUG_INFO = INCLUDE_SOURCE;
				MTL_FAST_MATH = YES;
				ONLY_ACTIVE_ARCH = YES;
				SWIFT_ACTIVE_COMPILATION_CONDITIONS = "DEBUG $(inherited)";
				SWIFT_OPTIMIZATION_LEVEL = "-Onone";
			};
			name = Debug;
		};
		BF47342C2B8EF5CC0028052C /* Release */ = {
			isa = XCBuildConfiguration;
			buildSettings = {
				ALWAYS_SEARCH_USER_PATHS = NO;
				ASSETCATALOG_COMPILER_GENERATE_SWIFT_ASSET_SYMBOL_EXTENSIONS = YES;
				CLANG_ANALYZER_NONNULL = YES;
				CLANG_ANALYZER_NUMBER_OBJECT_CONVERSION = YES_AGGRESSIVE;
				CLANG_CXX_LANGUAGE_STANDARD = "gnu++20";
				CLANG_ENABLE_MODULES = YES;
				CLANG_ENABLE_OBJC_ARC = YES;
				CLANG_ENABLE_OBJC_WEAK = YES;
				CLANG_WARN_BLOCK_CAPTURE_AUTORELEASING = YES;
				CLANG_WARN_BOOL_CONVERSION = YES;
				CLANG_WARN_COMMA = YES;
				CLANG_WARN_CONSTANT_CONVERSION = YES;
				CLANG_WARN_DEPRECATED_OBJC_IMPLEMENTATIONS = YES;
				CLANG_WARN_DIRECT_OBJC_ISA_USAGE = YES_ERROR;
				CLANG_WARN_DOCUMENTATION_COMMENTS = YES;
				CLANG_WARN_EMPTY_BODY = YES;
				CLANG_WARN_ENUM_CONVERSION = YES;
				CLANG_WARN_INFINITE_RECURSION = YES;
				CLANG_WARN_INT_CONVERSION = YES;
				CLANG_WARN_NON_LITERAL_NULL_CONVERSION = YES;
				CLANG_WARN_OBJC_IMPLICIT_RETAIN_SELF = YES;
				CLANG_WARN_OBJC_LITERAL_CONVERSION = YES;
				CLANG_WARN_OBJC_ROOT_CLASS = YES_ERROR;
				CLANG_WARN_QUOTED_INCLUDE_IN_FRAMEWORK_HEADER = YES;
				CLANG_WARN_RANGE_LOOP_ANALYSIS = YES;
				CLANG_WARN_STRICT_PROTOTYPES = YES;
				CLANG_WARN_SUSPICIOUS_MOVE = YES;
				CLANG_WARN_UNGUARDED_AVAILABILITY = YES_AGGRESSIVE;
				CLANG_WARN_UNREACHABLE_CODE = YES;
				CLANG_WARN__DUPLICATE_METHOD_MATCH = YES;
				COPY_PHASE_STRIP = NO;
				DEAD_CODE_STRIPPING = YES;
				DEBUG_INFORMATION_FORMAT = "dwarf-with-dsym";
				ENABLE_NS_ASSERTIONS = NO;
				ENABLE_STRICT_OBJC_MSGSEND = YES;
				ENABLE_USER_SCRIPT_SANDBOXING = YES;
				GCC_C_LANGUAGE_STANDARD = gnu17;
				GCC_NO_COMMON_BLOCKS = YES;
				GCC_WARN_64_TO_32_BIT_CONVERSION = YES;
				GCC_WARN_ABOUT_RETURN_TYPE = YES_ERROR;
				GCC_WARN_UNDECLARED_SELECTOR = YES;
				GCC_WARN_UNINITIALIZED_AUTOS = YES_AGGRESSIVE;
				GCC_WARN_UNUSED_FUNCTION = YES;
				GCC_WARN_UNUSED_VARIABLE = YES;
				LOCALIZATION_PREFERS_STRING_CATALOGS = YES;
				MTL_ENABLE_DEBUG_INFO = NO;
				MTL_FAST_MATH = YES;
				SWIFT_COMPILATION_MODE = wholemodule;
			};
			name = Release;
		};
		BF47342E2B8EF5CC0028052C /* Debug */ = {
			isa = XCBuildConfiguration;
			buildSettings = {
				ASSETCATALOG_COMPILER_APPICON_NAME = AppIcon;
				ASSETCATALOG_COMPILER_GLOBAL_ACCENT_COLOR_NAME = AccentColor;
				CODE_SIGN_ENTITLEMENTS = ChitChat/ChitChat.entitlements;
				CODE_SIGN_IDENTITY = "Apple Development";
				CODE_SIGN_STYLE = Automatic;
				CURRENT_PROJECT_VERSION = 1;
				DEAD_CODE_STRIPPING = YES;
				DEVELOPMENT_ASSET_PATHS = "";
				DEVELOPMENT_TEAM = U967WDGEUV;
				ENABLE_HARDENED_RUNTIME = YES;
				ENABLE_PREVIEWS = YES;
				GENERATE_INFOPLIST_FILE = YES;
				INFOPLIST_KEY_LSApplicationCategoryType = "public.app-category.social-networking";
				"INFOPLIST_KEY_UIApplicationSceneManifest_Generation[sdk=iphoneos*]" = YES;
				"INFOPLIST_KEY_UIApplicationSceneManifest_Generation[sdk=iphonesimulator*]" = YES;
				"INFOPLIST_KEY_UIApplicationSupportsIndirectInputEvents[sdk=iphoneos*]" = YES;
				"INFOPLIST_KEY_UIApplicationSupportsIndirectInputEvents[sdk=iphonesimulator*]" = YES;
				"INFOPLIST_KEY_UILaunchScreen_Generation[sdk=iphoneos*]" = YES;
				"INFOPLIST_KEY_UILaunchScreen_Generation[sdk=iphonesimulator*]" = YES;
				"INFOPLIST_KEY_UIStatusBarStyle[sdk=iphoneos*]" = UIStatusBarStyleDefault;
				"INFOPLIST_KEY_UIStatusBarStyle[sdk=iphonesimulator*]" = UIStatusBarStyleDefault;
				INFOPLIST_KEY_UISupportedInterfaceOrientations_iPad = "UIInterfaceOrientationPortrait UIInterfaceOrientationPortraitUpsideDown UIInterfaceOrientationLandscapeLeft UIInterfaceOrientationLandscapeRight";
				INFOPLIST_KEY_UISupportedInterfaceOrientations_iPhone = "UIInterfaceOrientationPortrait UIInterfaceOrientationLandscapeLeft UIInterfaceOrientationLandscapeRight";
				IPHONEOS_DEPLOYMENT_TARGET = 17.0;
				LD_RUNPATH_SEARCH_PATHS = "@executable_path/Frameworks";
				"LD_RUNPATH_SEARCH_PATHS[sdk=macosx*]" = "@executable_path/../Frameworks";
				MACOSX_DEPLOYMENT_TARGET = 14.0;
				MARKETING_VERSION = 1.0;
				OTHER_LDFLAGS = "-ObjC";
				PRODUCT_BUNDLE_IDENTIFIER = com.saintjammy.ChitChat;
				PRODUCT_NAME = "$(TARGET_NAME)";
				PROVISIONING_PROFILE_SPECIFIER = "";
				SDKROOT = auto;
				SUPPORTED_PLATFORMS = "iphonesimulator iphoneos";
				SWIFT_EMIT_LOC_STRINGS = YES;
				SWIFT_VERSION = 5.0;
				TARGETED_DEVICE_FAMILY = "1,2";
			};
			name = Debug;
		};
		BF47342F2B8EF5CC0028052C /* Release */ = {
			isa = XCBuildConfiguration;
			buildSettings = {
				ASSETCATALOG_COMPILER_APPICON_NAME = AppIcon;
				ASSETCATALOG_COMPILER_GLOBAL_ACCENT_COLOR_NAME = AccentColor;
				CODE_SIGN_ENTITLEMENTS = ChitChat/ChitChat.entitlements;
				CODE_SIGN_IDENTITY = "Apple Development";
				CODE_SIGN_STYLE = Automatic;
				CURRENT_PROJECT_VERSION = 1;
				DEAD_CODE_STRIPPING = YES;
				DEVELOPMENT_ASSET_PATHS = "";
				DEVELOPMENT_TEAM = U967WDGEUV;
				ENABLE_HARDENED_RUNTIME = YES;
				ENABLE_PREVIEWS = YES;
				GENERATE_INFOPLIST_FILE = YES;
				INFOPLIST_KEY_LSApplicationCategoryType = "public.app-category.social-networking";
				"INFOPLIST_KEY_UIApplicationSceneManifest_Generation[sdk=iphoneos*]" = YES;
				"INFOPLIST_KEY_UIApplicationSceneManifest_Generation[sdk=iphonesimulator*]" = YES;
				"INFOPLIST_KEY_UIApplicationSupportsIndirectInputEvents[sdk=iphoneos*]" = YES;
				"INFOPLIST_KEY_UIApplicationSupportsIndirectInputEvents[sdk=iphonesimulator*]" = YES;
				"INFOPLIST_KEY_UILaunchScreen_Generation[sdk=iphoneos*]" = YES;
				"INFOPLIST_KEY_UILaunchScreen_Generation[sdk=iphonesimulator*]" = YES;
				"INFOPLIST_KEY_UIStatusBarStyle[sdk=iphoneos*]" = UIStatusBarStyleDefault;
				"INFOPLIST_KEY_UIStatusBarStyle[sdk=iphonesimulator*]" = UIStatusBarStyleDefault;
				INFOPLIST_KEY_UISupportedInterfaceOrientations_iPad = "UIInterfaceOrientationPortrait UIInterfaceOrientationPortraitUpsideDown UIInterfaceOrientationLandscapeLeft UIInterfaceOrientationLandscapeRight";
				INFOPLIST_KEY_UISupportedInterfaceOrientations_iPhone = "UIInterfaceOrientationPortrait UIInterfaceOrientationLandscapeLeft UIInterfaceOrientationLandscapeRight";
				IPHONEOS_DEPLOYMENT_TARGET = 17.0;
				LD_RUNPATH_SEARCH_PATHS = "@executable_path/Frameworks";
				"LD_RUNPATH_SEARCH_PATHS[sdk=macosx*]" = "@executable_path/../Frameworks";
				MACOSX_DEPLOYMENT_TARGET = 14.0;
				MARKETING_VERSION = 1.0;
				OTHER_LDFLAGS = "-ObjC";
				PRODUCT_BUNDLE_IDENTIFIER = com.saintjammy.ChitChat;
				PRODUCT_NAME = "$(TARGET_NAME)";
				PROVISIONING_PROFILE_SPECIFIER = "";
				SDKROOT = auto;
				SUPPORTED_PLATFORMS = "iphonesimulator iphoneos";
				SWIFT_EMIT_LOC_STRINGS = YES;
				SWIFT_VERSION = 5.0;
				TARGETED_DEVICE_FAMILY = "1,2";
			};
			name = Release;
		};
		BF4734312B8EF5CC0028052C /* Debug */ = {
			isa = XCBuildConfiguration;
			buildSettings = {
				ALWAYS_EMBED_SWIFT_STANDARD_LIBRARIES = YES;
				BUNDLE_LOADER = "$(TEST_HOST)";
				CODE_SIGN_STYLE = Automatic;
				CURRENT_PROJECT_VERSION = 1;
				DEAD_CODE_STRIPPING = YES;
				DEVELOPMENT_TEAM = U967WDGEUV;
				GENERATE_INFOPLIST_FILE = YES;
				IPHONEOS_DEPLOYMENT_TARGET = 17.0;
				MACOSX_DEPLOYMENT_TARGET = 14.0;
				MARKETING_VERSION = 1.0;
				PRODUCT_BUNDLE_IDENTIFIER = com.saintjammy.LapseCloneTests;
				PRODUCT_NAME = "$(TARGET_NAME)";
				SDKROOT = auto;
				SUPPORTED_PLATFORMS = "iphoneos iphonesimulator macosx";
				SWIFT_EMIT_LOC_STRINGS = NO;
				SWIFT_VERSION = 5.0;
				TARGETED_DEVICE_FAMILY = "1,2";
				TEST_HOST = "$(BUILT_PRODUCTS_DIR)/ChitChat.app/$(BUNDLE_EXECUTABLE_FOLDER_PATH)/ChitChat";
			};
			name = Debug;
		};
		BF4734322B8EF5CC0028052C /* Release */ = {
			isa = XCBuildConfiguration;
			buildSettings = {
				ALWAYS_EMBED_SWIFT_STANDARD_LIBRARIES = YES;
				BUNDLE_LOADER = "$(TEST_HOST)";
				CODE_SIGN_STYLE = Automatic;
				CURRENT_PROJECT_VERSION = 1;
				DEAD_CODE_STRIPPING = YES;
				DEVELOPMENT_TEAM = U967WDGEUV;
				GENERATE_INFOPLIST_FILE = YES;
				IPHONEOS_DEPLOYMENT_TARGET = 17.0;
				MACOSX_DEPLOYMENT_TARGET = 14.0;
				MARKETING_VERSION = 1.0;
				PRODUCT_BUNDLE_IDENTIFIER = com.saintjammy.LapseCloneTests;
				PRODUCT_NAME = "$(TARGET_NAME)";
				SDKROOT = auto;
				SUPPORTED_PLATFORMS = "iphoneos iphonesimulator macosx";
				SWIFT_EMIT_LOC_STRINGS = NO;
				SWIFT_VERSION = 5.0;
				TARGETED_DEVICE_FAMILY = "1,2";
				TEST_HOST = "$(BUILT_PRODUCTS_DIR)/ChitChat.app/$(BUNDLE_EXECUTABLE_FOLDER_PATH)/ChitChat";
			};
			name = Release;
		};
		BF4734342B8EF5CC0028052C /* Debug */ = {
			isa = XCBuildConfiguration;
			buildSettings = {
				ALWAYS_EMBED_SWIFT_STANDARD_LIBRARIES = YES;
				CODE_SIGN_STYLE = Automatic;
				CURRENT_PROJECT_VERSION = 1;
				DEAD_CODE_STRIPPING = YES;
				DEVELOPMENT_TEAM = U967WDGEUV;
				GENERATE_INFOPLIST_FILE = YES;
				IPHONEOS_DEPLOYMENT_TARGET = 17.0;
				MACOSX_DEPLOYMENT_TARGET = 14.0;
				MARKETING_VERSION = 1.0;
				PRODUCT_BUNDLE_IDENTIFIER = com.saintjammy.LapseCloneUITests;
				PRODUCT_NAME = "$(TARGET_NAME)";
				SDKROOT = auto;
				SUPPORTED_PLATFORMS = "iphoneos iphonesimulator macosx";
				SWIFT_EMIT_LOC_STRINGS = NO;
				SWIFT_VERSION = 5.0;
				TARGETED_DEVICE_FAMILY = "1,2";
				TEST_TARGET_NAME = LapseClone;
			};
			name = Debug;
		};
		BF4734352B8EF5CC0028052C /* Release */ = {
			isa = XCBuildConfiguration;
			buildSettings = {
				ALWAYS_EMBED_SWIFT_STANDARD_LIBRARIES = YES;
				CODE_SIGN_STYLE = Automatic;
				CURRENT_PROJECT_VERSION = 1;
				DEAD_CODE_STRIPPING = YES;
				DEVELOPMENT_TEAM = U967WDGEUV;
				GENERATE_INFOPLIST_FILE = YES;
				IPHONEOS_DEPLOYMENT_TARGET = 17.0;
				MACOSX_DEPLOYMENT_TARGET = 14.0;
				MARKETING_VERSION = 1.0;
				PRODUCT_BUNDLE_IDENTIFIER = com.saintjammy.LapseCloneUITests;
				PRODUCT_NAME = "$(TARGET_NAME)";
				SDKROOT = auto;
				SUPPORTED_PLATFORMS = "iphoneos iphonesimulator macosx";
				SWIFT_EMIT_LOC_STRINGS = NO;
				SWIFT_VERSION = 5.0;
				TARGETED_DEVICE_FAMILY = "1,2";
				TEST_TARGET_NAME = LapseClone;
			};
			name = Release;
		};
/* End XCBuildConfiguration section */

/* Begin XCConfigurationList section */
		BF4734012B8EF5CB0028052C /* Build configuration list for PBXProject "ChitChat" */ = {
			isa = XCConfigurationList;
			buildConfigurations = (
				BF47342B2B8EF5CC0028052C /* Debug */,
				BF47342C2B8EF5CC0028052C /* Release */,
			);
			defaultConfigurationIsVisible = 0;
			defaultConfigurationName = Release;
		};
		BF47342D2B8EF5CC0028052C /* Build configuration list for PBXNativeTarget "ChitChat" */ = {
			isa = XCConfigurationList;
			buildConfigurations = (
				BF47342E2B8EF5CC0028052C /* Debug */,
				BF47342F2B8EF5CC0028052C /* Release */,
			);
			defaultConfigurationIsVisible = 0;
			defaultConfigurationName = Release;
		};
		BF4734302B8EF5CC0028052C /* Build configuration list for PBXNativeTarget "ChitChatTests" */ = {
			isa = XCConfigurationList;
			buildConfigurations = (
				BF4734312B8EF5CC0028052C /* Debug */,
				BF4734322B8EF5CC0028052C /* Release */,
			);
			defaultConfigurationIsVisible = 0;
			defaultConfigurationName = Release;
		};
		BF4734332B8EF5CC0028052C /* Build configuration list for PBXNativeTarget "ChitChatUITests" */ = {
			isa = XCConfigurationList;
			buildConfigurations = (
				BF4734342B8EF5CC0028052C /* Debug */,
				BF4734352B8EF5CC0028052C /* Release */,
			);
			defaultConfigurationIsVisible = 0;
			defaultConfigurationName = Release;
		};
/* End XCConfigurationList section */

/* Begin XCSwiftPackageProductDependency section */
		BF8D4B092B9915AD0081F7D1 /* AppFeature */ = {
			isa = XCSwiftPackageProductDependency;
			productName = AppFeature;
		};
/* End XCSwiftPackageProductDependency section */
	};
	rootObject = BF4733FE2B8EF5CB0028052C /* Project object */;
}
